
Microsoft Visual Studio Solution File, Format Version 12.00
# Visual Studio 15
VisualStudioVersion = 15.0.28307.539
MinimumVisualStudioVersion = 10.0.40219.1
Project("{FAE04EC0-301F-11D3-BF4B-00C04F79EFBC}") = "TrueCraft.Launcher", "TrueCraft.Launcher\TrueCraft.Launcher.csproj", "{6604F17A-552E-405D-B327-37C8B1648C86}"
EndProject
Project("{FAE04EC0-301F-11D3-BF4B-00C04F79EFBC}") = "FNA", "externals\FNA\FNA.csproj", "{35253CE1-C864-4CD3-8249-4D1319748E8F}"
EndProject
Project("{9A19103F-16F7-4668-BE54-9A1E7A4F7556}") = "FNA.Core", "externals\FNA\FNA.Core.csproj", "{9086D22E-1315-459F-9D4E-ABF8D1657748}"
EndProject
Project("{2150E333-8FDC-42A3-9474-1A3956D46DE8}") = "Solution Items", "Solution Items", "{BC2835A1-0C5E-4E64-9EE9-D547DA5B8AA7}"
	ProjectSection(SolutionItems) = preProject
		.EDITORCONFIG = .EDITORCONFIG
		LICENSE = LICENSE
		README.md = README.md
	EndProjectSection
EndProject
Project("{9A19103F-16F7-4668-BE54-9A1E7A4F7556}") = "TrueCraft", "TrueCraft\TrueCraft.csproj", "{77DE9B9B-CE8B-4039-9252-510A91076DEB}"
EndProject
Project("{9A19103F-16F7-4668-BE54-9A1E7A4F7556}") = "TrueCraft.Tests", "TrueCraft.Tests\TrueCraft.Tests.csproj", "{AA520D22-AD08-4F4D-AAC4-AFC3FB86CEC0}"
EndProject
Project("{9A19103F-16F7-4668-BE54-9A1E7A4F7556}") = "TrueCraft.Server", "TrueCraft.Server\TrueCraft.Server.csproj", "{05366ECD-AB34-4B68-A0DC-B444601BC7AF}"
EndProject
Project("{9A19103F-16F7-4668-BE54-9A1E7A4F7556}") = "TrueCraft.Server.Host", "TrueCraft.Server.Host\TrueCraft.Server.Host.csproj", "{F4A3BFFC-D5C7-466F-B8B2-466DE4ABA045}"
EndProject
Project("{FAE04EC0-301F-11D3-BF4B-00C04F79EFBC}") = "TrueCraft.Client.x86", "TrueCraft.Client.x86\TrueCraft.Client.x86.csproj", "{A6516869-A2FB-4E31-85C8-2285490CB32C}"
EndProject
Project("{2150E333-8FDC-42A3-9474-1A3956D46DE8}") = "x86", "x86", "{F46D437B-0643-44FD-9DED-9866EEA89F29}"
EndProject
Project("{2150E333-8FDC-42A3-9474-1A3956D46DE8}") = "x64", "x64", "{7CE2BA7C-3C93-43EF-9A0D-5CA9A8194DF5}"
EndProject
Project("{9A19103F-16F7-4668-BE54-9A1E7A4F7556}") = "TrueCraft.Client.x64", "TrueCraft.Client.x64\TrueCraft.Client.x64.csproj", "{2F0A87E1-1C3C-49C7-BB19-70AD84482739}"
EndProject
Project("{FAE04EC0-301F-11D3-BF4B-00C04F79EFBC}") = "TrueCraft.Client", "TrueCraft.Client\TrueCraft.Client.csproj", "{80363D4B-D24C-44DA-8AFA-4FE6F20E2E68}"
EndProject
Project("{FAE04EC0-301F-11D3-BF4B-00C04F79EFBC}") = "TrueCraft.Authoring", "TrueCraft.Authoring\TrueCraft.Authoring.csproj", "{6C322C5A-2C8B-432C-A62B-984CDC73102E}"
EndProject
Project("{FAE04EC0-301F-11D3-BF4B-00C04F79EFBC}") = "AddOns.TrueCraft", "AddOns.TrueCraft\AddOns.TrueCraft.csproj", "{4EE7D6C8-13EE-4C3D-AF8E-08773B59F87A}"
EndProject
Global
	GlobalSection(SolutionConfigurationPlatforms) = preSolution
		Debug|Any CPU = Debug|Any CPU
		Debug|x64 = Debug|x64
		Debug|x86 = Debug|x86
		Release|Any CPU = Release|Any CPU
		Release|x64 = Release|x64
		Release|x86 = Release|x86
	EndGlobalSection
	GlobalSection(ProjectConfigurationPlatforms) = postSolution
		{6604F17A-552E-405D-B327-37C8B1648C86}.Debug|Any CPU.ActiveCfg = Debug|Any CPU
		{6604F17A-552E-405D-B327-37C8B1648C86}.Debug|Any CPU.Build.0 = Debug|Any CPU
		{6604F17A-552E-405D-B327-37C8B1648C86}.Debug|x64.ActiveCfg = Debug|Any CPU
		{6604F17A-552E-405D-B327-37C8B1648C86}.Debug|x64.Build.0 = Debug|Any CPU
		{6604F17A-552E-405D-B327-37C8B1648C86}.Debug|x86.ActiveCfg = Debug|Any CPU
		{6604F17A-552E-405D-B327-37C8B1648C86}.Debug|x86.Build.0 = Debug|Any CPU
		{6604F17A-552E-405D-B327-37C8B1648C86}.Release|Any CPU.ActiveCfg = Release|Any CPU
		{6604F17A-552E-405D-B327-37C8B1648C86}.Release|Any CPU.Build.0 = Release|Any CPU
		{6604F17A-552E-405D-B327-37C8B1648C86}.Release|x64.ActiveCfg = Release|Any CPU
		{6604F17A-552E-405D-B327-37C8B1648C86}.Release|x64.Build.0 = Release|Any CPU
		{6604F17A-552E-405D-B327-37C8B1648C86}.Release|x86.ActiveCfg = Release|Any CPU
		{6604F17A-552E-405D-B327-37C8B1648C86}.Release|x86.Build.0 = Release|Any CPU
		{35253CE1-C864-4CD3-8249-4D1319748E8F}.Debug|Any CPU.ActiveCfg = Debug|x86
		{35253CE1-C864-4CD3-8249-4D1319748E8F}.Debug|Any CPU.Build.0 = Debug|x86
		{35253CE1-C864-4CD3-8249-4D1319748E8F}.Debug|x64.ActiveCfg = Debug|x86
		{35253CE1-C864-4CD3-8249-4D1319748E8F}.Debug|x86.ActiveCfg = Debug|x86
		{35253CE1-C864-4CD3-8249-4D1319748E8F}.Debug|x86.Build.0 = Debug|x86
		{35253CE1-C864-4CD3-8249-4D1319748E8F}.Release|Any CPU.ActiveCfg = Release|x86
		{35253CE1-C864-4CD3-8249-4D1319748E8F}.Release|Any CPU.Build.0 = Release|x86
		{35253CE1-C864-4CD3-8249-4D1319748E8F}.Release|x64.ActiveCfg = Release|x64
		{35253CE1-C864-4CD3-8249-4D1319748E8F}.Release|x64.Build.0 = Release|x64
		{35253CE1-C864-4CD3-8249-4D1319748E8F}.Release|x86.ActiveCfg = Release|x86
		{35253CE1-C864-4CD3-8249-4D1319748E8F}.Release|x86.Build.0 = Release|x86
		{9086D22E-1315-459F-9D4E-ABF8D1657748}.Debug|Any CPU.ActiveCfg = Debug|x64
		{9086D22E-1315-459F-9D4E-ABF8D1657748}.Debug|Any CPU.Build.0 = Debug|x64
		{9086D22E-1315-459F-9D4E-ABF8D1657748}.Debug|x64.ActiveCfg = Debug|x64
		{9086D22E-1315-459F-9D4E-ABF8D1657748}.Debug|x64.Build.0 = Debug|x64
		{9086D22E-1315-459F-9D4E-ABF8D1657748}.Debug|x86.ActiveCfg = Debug|x64
		{9086D22E-1315-459F-9D4E-ABF8D1657748}.Release|Any CPU.ActiveCfg = Release|x64
		{9086D22E-1315-459F-9D4E-ABF8D1657748}.Release|Any CPU.Build.0 = Release|x64
		{9086D22E-1315-459F-9D4E-ABF8D1657748}.Release|x64.ActiveCfg = Release|x64
		{9086D22E-1315-459F-9D4E-ABF8D1657748}.Release|x64.Build.0 = Release|x64
		{9086D22E-1315-459F-9D4E-ABF8D1657748}.Release|x86.ActiveCfg = Release|x64
		{77DE9B9B-CE8B-4039-9252-510A91076DEB}.Debug|Any CPU.ActiveCfg = Debug|Any CPU
		{77DE9B9B-CE8B-4039-9252-510A91076DEB}.Debug|Any CPU.Build.0 = Debug|Any CPU
		{77DE9B9B-CE8B-4039-9252-510A91076DEB}.Debug|x64.ActiveCfg = Debug|x64
		{77DE9B9B-CE8B-4039-9252-510A91076DEB}.Debug|x64.Build.0 = Debug|x64
		{77DE9B9B-CE8B-4039-9252-510A91076DEB}.Debug|x86.ActiveCfg = Debug|x86
		{77DE9B9B-CE8B-4039-9252-510A91076DEB}.Debug|x86.Build.0 = Debug|x86
		{77DE9B9B-CE8B-4039-9252-510A91076DEB}.Release|Any CPU.ActiveCfg = Release|Any CPU
		{77DE9B9B-CE8B-4039-9252-510A91076DEB}.Release|Any CPU.Build.0 = Release|Any CPU
		{77DE9B9B-CE8B-4039-9252-510A91076DEB}.Release|x64.ActiveCfg = Release|Any CPU
		{77DE9B9B-CE8B-4039-9252-510A91076DEB}.Release|x64.Build.0 = Release|Any CPU
		{77DE9B9B-CE8B-4039-9252-510A91076DEB}.Release|x86.ActiveCfg = Release|Any CPU
		{77DE9B9B-CE8B-4039-9252-510A91076DEB}.Release|x86.Build.0 = Release|Any CPU
		{AA520D22-AD08-4F4D-AAC4-AFC3FB86CEC0}.Debug|Any CPU.ActiveCfg = Debug|Any CPU
		{AA520D22-AD08-4F4D-AAC4-AFC3FB86CEC0}.Debug|Any CPU.Build.0 = Debug|Any CPU
		{AA520D22-AD08-4F4D-AAC4-AFC3FB86CEC0}.Debug|x64.ActiveCfg = Debug|Any CPU
		{AA520D22-AD08-4F4D-AAC4-AFC3FB86CEC0}.Debug|x64.Build.0 = Debug|Any CPU
		{AA520D22-AD08-4F4D-AAC4-AFC3FB86CEC0}.Debug|x86.ActiveCfg = Debug|Any CPU
		{AA520D22-AD08-4F4D-AAC4-AFC3FB86CEC0}.Debug|x86.Build.0 = Debug|Any CPU
		{AA520D22-AD08-4F4D-AAC4-AFC3FB86CEC0}.Release|Any CPU.ActiveCfg = Release|Any CPU
		{AA520D22-AD08-4F4D-AAC4-AFC3FB86CEC0}.Release|Any CPU.Build.0 = Release|Any CPU
		{AA520D22-AD08-4F4D-AAC4-AFC3FB86CEC0}.Release|x64.ActiveCfg = Release|Any CPU
		{AA520D22-AD08-4F4D-AAC4-AFC3FB86CEC0}.Release|x64.Build.0 = Release|Any CPU
		{AA520D22-AD08-4F4D-AAC4-AFC3FB86CEC0}.Release|x86.ActiveCfg = Release|Any CPU
		{AA520D22-AD08-4F4D-AAC4-AFC3FB86CEC0}.Release|x86.Build.0 = Release|Any CPU
		{05366ECD-AB34-4B68-A0DC-B444601BC7AF}.Debug|Any CPU.ActiveCfg = Debug|Any CPU
		{05366ECD-AB34-4B68-A0DC-B444601BC7AF}.Debug|Any CPU.Build.0 = Debug|Any CPU
		{05366ECD-AB34-4B68-A0DC-B444601BC7AF}.Debug|x64.ActiveCfg = Debug|Any CPU
		{05366ECD-AB34-4B68-A0DC-B444601BC7AF}.Debug|x64.Build.0 = Debug|Any CPU
		{05366ECD-AB34-4B68-A0DC-B444601BC7AF}.Debug|x86.ActiveCfg = Debug|Any CPU
		{05366ECD-AB34-4B68-A0DC-B444601BC7AF}.Debug|x86.Build.0 = Debug|Any CPU
		{05366ECD-AB34-4B68-A0DC-B444601BC7AF}.Release|Any CPU.ActiveCfg = Release|Any CPU
		{05366ECD-AB34-4B68-A0DC-B444601BC7AF}.Release|Any CPU.Build.0 = Release|Any CPU
		{05366ECD-AB34-4B68-A0DC-B444601BC7AF}.Release|x64.ActiveCfg = Release|Any CPU
		{05366ECD-AB34-4B68-A0DC-B444601BC7AF}.Release|x64.Build.0 = Release|Any CPU
		{05366ECD-AB34-4B68-A0DC-B444601BC7AF}.Release|x86.ActiveCfg = Release|Any CPU
		{05366ECD-AB34-4B68-A0DC-B444601BC7AF}.Release|x86.Build.0 = Release|Any CPU
		{F4A3BFFC-D5C7-466F-B8B2-466DE4ABA045}.Debug|Any CPU.ActiveCfg = Debug|Any CPU
		{F4A3BFFC-D5C7-466F-B8B2-466DE4ABA045}.Debug|Any CPU.Build.0 = Debug|Any CPU
		{F4A3BFFC-D5C7-466F-B8B2-466DE4ABA045}.Debug|x64.ActiveCfg = Debug|Any CPU
		{F4A3BFFC-D5C7-466F-B8B2-466DE4ABA045}.Debug|x64.Build.0 = Debug|Any CPU
		{F4A3BFFC-D5C7-466F-B8B2-466DE4ABA045}.Debug|x86.ActiveCfg = Debug|Any CPU
		{F4A3BFFC-D5C7-466F-B8B2-466DE4ABA045}.Debug|x86.Build.0 = Debug|Any CPU
		{F4A3BFFC-D5C7-466F-B8B2-466DE4ABA045}.Release|Any CPU.ActiveCfg = Release|Any CPU
		{F4A3BFFC-D5C7-466F-B8B2-466DE4ABA045}.Release|Any CPU.Build.0 = Release|Any CPU
		{F4A3BFFC-D5C7-466F-B8B2-466DE4ABA045}.Release|x64.ActiveCfg = Release|Any CPU
		{F4A3BFFC-D5C7-466F-B8B2-466DE4ABA045}.Release|x64.Build.0 = Release|Any CPU
		{F4A3BFFC-D5C7-466F-B8B2-466DE4ABA045}.Release|x86.ActiveCfg = Release|Any CPU
		{F4A3BFFC-D5C7-466F-B8B2-466DE4ABA045}.Release|x86.Build.0 = Release|Any CPU
		{A6516869-A2FB-4E31-85C8-2285490CB32C}.Debug|Any CPU.ActiveCfg = Debug|x86
		{A6516869-A2FB-4E31-85C8-2285490CB32C}.Debug|Any CPU.Build.0 = Debug|x86
		{A6516869-A2FB-4E31-85C8-2285490CB32C}.Debug|x64.ActiveCfg = Debug|x86
		{A6516869-A2FB-4E31-85C8-2285490CB32C}.Debug|x86.ActiveCfg = Debug|x86
		{A6516869-A2FB-4E31-85C8-2285490CB32C}.Debug|x86.Build.0 = Debug|x86
		{A6516869-A2FB-4E31-85C8-2285490CB32C}.Release|Any CPU.ActiveCfg = Release|x86
		{A6516869-A2FB-4E31-85C8-2285490CB32C}.Release|Any CPU.Build.0 = Release|x86
		{A6516869-A2FB-4E31-85C8-2285490CB32C}.Release|x64.ActiveCfg = Release|Any CPU
		{A6516869-A2FB-4E31-85C8-2285490CB32C}.Release|x64.Build.0 = Release|Any CPU
		{A6516869-A2FB-4E31-85C8-2285490CB32C}.Release|x86.ActiveCfg = Release|x86
		{A6516869-A2FB-4E31-85C8-2285490CB32C}.Release|x86.Build.0 = Release|x86
		{2F0A87E1-1C3C-49C7-BB19-70AD84482739}.Debug|Any CPU.ActiveCfg = Debug|x64
		{2F0A87E1-1C3C-49C7-BB19-70AD84482739}.Debug|Any CPU.Build.0 = Debug|x64
		{2F0A87E1-1C3C-49C7-BB19-70AD84482739}.Debug|x64.ActiveCfg = Debug|x64
		{2F0A87E1-1C3C-49C7-BB19-70AD84482739}.Debug|x64.Build.0 = Debug|x64
		{2F0A87E1-1C3C-49C7-BB19-70AD84482739}.Debug|x86.ActiveCfg = Debug|x64
		{2F0A87E1-1C3C-49C7-BB19-70AD84482739}.Release|Any CPU.ActiveCfg = Release|x64
		{2F0A87E1-1C3C-49C7-BB19-70AD84482739}.Release|Any CPU.Build.0 = Release|x64
		{2F0A87E1-1C3C-49C7-BB19-70AD84482739}.Release|x64.ActiveCfg = Release|Any CPU
		{2F0A87E1-1C3C-49C7-BB19-70AD84482739}.Release|x64.Build.0 = Release|Any CPU
		{2F0A87E1-1C3C-49C7-BB19-70AD84482739}.Release|x86.ActiveCfg = Release|Any CPU
		{2F0A87E1-1C3C-49C7-BB19-70AD84482739}.Release|x86.Build.0 = Release|Any CPU
		{80363D4B-D24C-44DA-8AFA-4FE6F20E2E68}.Debug|Any CPU.ActiveCfg = Debug|Any CPU
		{80363D4B-D24C-44DA-8AFA-4FE6F20E2E68}.Debug|Any CPU.Build.0 = Debug|Any CPU
		{80363D4B-D24C-44DA-8AFA-4FE6F20E2E68}.Debug|x64.ActiveCfg = Debug|x64
		{80363D4B-D24C-44DA-8AFA-4FE6F20E2E68}.Debug|x64.Build.0 = Debug|x64
		{80363D4B-D24C-44DA-8AFA-4FE6F20E2E68}.Debug|x86.ActiveCfg = Debug|x86
		{80363D4B-D24C-44DA-8AFA-4FE6F20E2E68}.Debug|x86.Build.0 = Debug|x86
		{80363D4B-D24C-44DA-8AFA-4FE6F20E2E68}.Release|Any CPU.ActiveCfg = Release|Any CPU
		{80363D4B-D24C-44DA-8AFA-4FE6F20E2E68}.Release|Any CPU.Build.0 = Release|Any CPU
		{80363D4B-D24C-44DA-8AFA-4FE6F20E2E68}.Release|x64.ActiveCfg = Release|Any CPU
		{80363D4B-D24C-44DA-8AFA-4FE6F20E2E68}.Release|x64.Build.0 = Release|Any CPU
		{80363D4B-D24C-44DA-8AFA-4FE6F20E2E68}.Release|x86.ActiveCfg = Release|Any CPU
		{80363D4B-D24C-44DA-8AFA-4FE6F20E2E68}.Release|x86.Build.0 = Release|Any CPU
		{6C322C5A-2C8B-432C-A62B-984CDC73102E}.Debug|Any CPU.ActiveCfg = Debug|Any CPU
		{6C322C5A-2C8B-432C-A62B-984CDC73102E}.Debug|Any CPU.Build.0 = Debug|Any CPU
		{6C322C5A-2C8B-432C-A62B-984CDC73102E}.Debug|x64.ActiveCfg = Debug|Any CPU
		{6C322C5A-2C8B-432C-A62B-984CDC73102E}.Debug|x64.Build.0 = Debug|Any CPU
		{6C322C5A-2C8B-432C-A62B-984CDC73102E}.Debug|x86.ActiveCfg = Debug|Any CPU
		{6C322C5A-2C8B-432C-A62B-984CDC73102E}.Debug|x86.Build.0 = Debug|Any CPU
		{6C322C5A-2C8B-432C-A62B-984CDC73102E}.Release|Any CPU.ActiveCfg = Release|Any CPU
		{6C322C5A-2C8B-432C-A62B-984CDC73102E}.Release|Any CPU.Build.0 = Release|Any CPU
		{6C322C5A-2C8B-432C-A62B-984CDC73102E}.Release|x64.ActiveCfg = Release|Any CPU
		{6C322C5A-2C8B-432C-A62B-984CDC73102E}.Release|x64.Build.0 = Release|Any CPU
		{6C322C5A-2C8B-432C-A62B-984CDC73102E}.Release|x86.ActiveCfg = Release|Any CPU
		{6C322C5A-2C8B-432C-A62B-984CDC73102E}.Release|x86.Build.0 = Release|Any CPU
		{4EE7D6C8-13EE-4C3D-AF8E-08773B59F87A}.Debug|Any CPU.ActiveCfg = Debug|Any CPU
		{4EE7D6C8-13EE-4C3D-AF8E-08773B59F87A}.Debug|Any CPU.Build.0 = Debug|Any CPU
		{4EE7D6C8-13EE-4C3D-AF8E-08773B59F87A}.Debug|x64.ActiveCfg = Debug|Any CPU
		{4EE7D6C8-13EE-4C3D-AF8E-08773B59F87A}.Debug|x64.Build.0 = Debug|Any CPU
		{4EE7D6C8-13EE-4C3D-AF8E-08773B59F87A}.Debug|x86.ActiveCfg = Debug|Any CPU
		{4EE7D6C8-13EE-4C3D-AF8E-08773B59F87A}.Debug|x86.Build.0 = Debug|Any CPU
		{4EE7D6C8-13EE-4C3D-AF8E-08773B59F87A}.Release|Any CPU.ActiveCfg = Release|Any CPU
		{4EE7D6C8-13EE-4C3D-AF8E-08773B59F87A}.Release|Any CPU.Build.0 = Release|Any CPU
		{4EE7D6C8-13EE-4C3D-AF8E-08773B59F87A}.Release|x64.ActiveCfg = Release|Any CPU
		{4EE7D6C8-13EE-4C3D-AF8E-08773B59F87A}.Release|x64.Build.0 = Release|Any CPU
		{4EE7D6C8-13EE-4C3D-AF8E-08773B59F87A}.Release|x86.ActiveCfg = Release|Any CPU
		{4EE7D6C8-13EE-4C3D-AF8E-08773B59F87A}.Release|x86.Build.0 = Release|Any CPU
	EndGlobalSection
	GlobalSection(SolutionProperties) = preSolution
		HideSolutionNode = FALSE
	EndGlobalSection
	GlobalSection(NestedProjects) = preSolution
		{6604F17A-552E-405D-B327-37C8B1648C86} = {F46D437B-0643-44FD-9DED-9866EEA89F29}
		{35253CE1-C864-4CD3-8249-4D1319748E8F} = {F46D437B-0643-44FD-9DED-9866EEA89F29}
		{9086D22E-1315-459F-9D4E-ABF8D1657748} = {7CE2BA7C-3C93-43EF-9A0D-5CA9A8194DF5}
		{A6516869-A2FB-4E31-85C8-2285490CB32C} = {F46D437B-0643-44FD-9DED-9866EEA89F29}
		{2F0A87E1-1C3C-49C7-BB19-70AD84482739} = {7CE2BA7C-3C93-43EF-9A0D-5CA9A8194DF5}
	EndGlobalSection
	GlobalSection(ExtensibilityGlobals) = postSolution
		SolutionGuid = {34F0A69B-BB67-4E75-BD0C-15B4C1E589EE}
	EndGlobalSection
	GlobalSection(MonoDevelopProperties) = preSolution
		Policies = $0
		$0.TextStylePolicy = $1
		$1.inheritsSet = VisualStudio
		$1.inheritsScope = text/plain
		$1.scope = text/x-csharp
		$0.CSharpFormattingPolicy = $2
		$2.IndentSwitchBody = True
		$2.AnonymousMethodBraceStyle = NextLine
		$2.PropertyBraceStyle = NextLine
		$2.PropertyGetBraceStyle = NextLine
		$2.PropertySetBraceStyle = NextLine
		$2.EventBraceStyle = NextLine
		$2.EventAddBraceStyle = NextLine
		$2.EventRemoveBraceStyle = NextLine
		$2.StatementBraceStyle = NextLine
		$2.ElseNewLinePlacement = NewLine
		$2.CatchNewLinePlacement = NewLine
		$2.FinallyNewLinePlacement = NewLine
		$2.WhileNewLinePlacement = DoNotCare
		$2.ArrayInitializerWrapping = DoNotChange
		$2.ArrayInitializerBraceStyle = NextLine
		$2.BeforeMethodDeclarationParentheses = False
		$2.BeforeMethodCallParentheses = False
		$2.BeforeConstructorDeclarationParentheses = False
		$2.NewLineBeforeConstructorInitializerColon = NewLine
		$2.NewLineAfterConstructorInitializerColon = SameLine
		$2.BeforeDelegateDeclarationParentheses = False
		$2.NewParentheses = False
		$2.SpacesBeforeBrackets = False
		$2.AlignToFirstMethodDeclarationParameter = False
		$2.inheritsSet = Mono
		$2.inheritsScope = text/x-csharp
		$2.scope = text/x-csharp
		$2.IndentSwitchSection = True
		$2.NewLinesForBracesInProperties = True
		$2.NewLinesForBracesInAccessors = True
		$2.NewLinesForBracesInAnonymousMethods = True
		$2.NewLinesForBracesInControlBlocks = True
		$2.NewLinesForBracesInAnonymousTypes = True
		$2.NewLinesForBracesInObjectCollectionArrayInitializers = True
		$2.NewLinesForBracesInLambdaExpressionBody = True
		$2.NewLineForElse = True
		$2.NewLineForCatch = True
		$2.NewLineForFinally = True
		$2.NewLineForMembersInObjectInit = True
		$2.NewLineForMembersInAnonymousTypes = True
		$2.NewLineForClausesInQuery = True
		$2.SpacingAfterMethodDeclarationName = False
		$2.SpaceAfterMethodCallName = False
		$2.SpaceBeforeOpenSquareBracket = False
		$0.DotNetNamingPolicy = $3
		$3.DirectoryNamespaceAssociation = PrefixedHierarchical
		$3.ResourceNamePolicy = FileFormatDefault
	EndGlobalSection
EndGlobal
