
Microsoft Visual Studio Solution File, Format Version 12.00
# Visual Studio 15
VisualStudioVersion = 15.0.28307.539
MinimumVisualStudioVersion = 10.0.40219.1
Project("{FAE04EC0-301F-11D3-BF4B-00C04F79EFBC}") = "TrueCraft.Client", "TrueCraft.Client\TrueCraft.Client.csproj", "{A6516869-A2FB-4E31-85C8-2285490CB32C}"
EndProject
Project("{FAE04EC0-301F-11D3-BF4B-00C04F79EFBC}") = "TrueCraft.Launcher", "TrueCraft.Launcher\TrueCraft.Launcher.csproj", "{6604F17A-552E-405D-B327-37C8B1648C86}"
EndProject
Project("{2150E333-8FDC-42A3-9474-1A3956D46DE8}") = "Test", "Test", "{6756B61E-5856-4CA7-90B5-6053763FE7BA}"
EndProject
Project("{FAE04EC0-301F-11D3-BF4B-00C04F79EFBC}") = "FNA", "externals\FNA\FNA.csproj", "{35253CE1-C864-4CD3-8249-4D1319748E8F}"
EndProject
Project("{9A19103F-16F7-4668-BE54-9A1E7A4F7556}") = "FNA.Core", "externals\FNA\FNA.Core.csproj", "{9086D22E-1315-459F-9D4E-ABF8D1657748}"
EndProject
Project("{9A19103F-16F7-4668-BE54-9A1E7A4F7556}") = "TrueCraft.Server", "TrueCraft.Server\TrueCraft.Server.csproj", "{87D61109-2E6A-43F8-A54E-F8C7CB70536F}"
EndProject
Project("{9A19103F-16F7-4668-BE54-9A1E7A4F7556}") = "TrueCraft.API.Tests", "TrueCraft.API.Tests\TrueCraft.API.Tests.csproj", "{4C5128BA-FB2E-4978-BB21-11B7F131BD7D}"
EndProject
Project("{9A19103F-16F7-4668-BE54-9A1E7A4F7556}") = "TrueCraft.API", "TrueCraft.API\TrueCraft.API.csproj", "{C3895DFA-85C5-4F44-AC19-FCD790A150A3}"
EndProject
Project("{9A19103F-16F7-4668-BE54-9A1E7A4F7556}") = "TrueCraft.Core.Tests", "TrueCraft.Core.Tests\TrueCraft.Core.Tests.csproj", "{E91CD37D-E4E0-40B6-BF86-A4CF52EEC25F}"
EndProject
Project("{9A19103F-16F7-4668-BE54-9A1E7A4F7556}") = "TrueCraft.Core", "TrueCraft.Core\TrueCraft.Core.csproj", "{9E5BD0CC-F6DC-4232-8613-0047022D99E7}"
EndProject
Project("{9A19103F-16F7-4668-BE54-9A1E7A4F7556}") = "TrueCraft.Server.Core", "TrueCraft.Server.Core\TrueCraft.Server.Core.csproj", "{394CB01D-9B0D-4CD5-80CF-CE087DF7CE5E}"
EndProject
Project("{2150E333-8FDC-42A3-9474-1A3956D46DE8}") = "Solution Items", "Solution Items", "{BC2835A1-0C5E-4E64-9EE9-D547DA5B8AA7}"
	ProjectSection(SolutionItems) = preProject
		LICENSE = LICENSE
		README.md = README.md
	EndProjectSection
EndProject
Global
	GlobalSection(SolutionConfigurationPlatforms) = preSolution
		Debug|Any CPU = Debug|Any CPU
		Debug|x64 = Debug|x64
		Optimized Debug|Any CPU = Optimized Debug|Any CPU
		Optimized Debug|x64 = Optimized Debug|x64
		Release|Any CPU = Release|Any CPU
		Release|x64 = Release|x64
	EndGlobalSection
	GlobalSection(ProjectConfigurationPlatforms) = postSolution
		{A6516869-A2FB-4E31-85C8-2285490CB32C}.Debug|Any CPU.ActiveCfg = Debug|Any CPU
		{A6516869-A2FB-4E31-85C8-2285490CB32C}.Debug|Any CPU.Build.0 = Debug|Any CPU
		{A6516869-A2FB-4E31-85C8-2285490CB32C}.Debug|x64.ActiveCfg = Debug|Any CPU
		{A6516869-A2FB-4E31-85C8-2285490CB32C}.Debug|x64.Build.0 = Debug|Any CPU
		{A6516869-A2FB-4E31-85C8-2285490CB32C}.Optimized Debug|Any CPU.ActiveCfg = Optimized Debug|Any CPU
		{A6516869-A2FB-4E31-85C8-2285490CB32C}.Optimized Debug|Any CPU.Build.0 = Optimized Debug|Any CPU
		{A6516869-A2FB-4E31-85C8-2285490CB32C}.Optimized Debug|x64.ActiveCfg = Optimized Debug|Any CPU
		{A6516869-A2FB-4E31-85C8-2285490CB32C}.Optimized Debug|x64.Build.0 = Optimized Debug|Any CPU
		{A6516869-A2FB-4E31-85C8-2285490CB32C}.Release|Any CPU.ActiveCfg = Release|Any CPU
		{A6516869-A2FB-4E31-85C8-2285490CB32C}.Release|Any CPU.Build.0 = Release|Any CPU
		{A6516869-A2FB-4E31-85C8-2285490CB32C}.Release|x64.ActiveCfg = Release|Any CPU
		{A6516869-A2FB-4E31-85C8-2285490CB32C}.Release|x64.Build.0 = Release|Any CPU
		{6604F17A-552E-405D-B327-37C8B1648C86}.Debug|Any CPU.ActiveCfg = Debug|Any CPU
		{6604F17A-552E-405D-B327-37C8B1648C86}.Debug|Any CPU.Build.0 = Debug|Any CPU
		{6604F17A-552E-405D-B327-37C8B1648C86}.Debug|x64.ActiveCfg = Debug|Any CPU
		{6604F17A-552E-405D-B327-37C8B1648C86}.Debug|x64.Build.0 = Debug|Any CPU
		{6604F17A-552E-405D-B327-37C8B1648C86}.Optimized Debug|Any CPU.ActiveCfg = Optimized Debug|Any CPU
		{6604F17A-552E-405D-B327-37C8B1648C86}.Optimized Debug|Any CPU.Build.0 = Optimized Debug|Any CPU
		{6604F17A-552E-405D-B327-37C8B1648C86}.Optimized Debug|x64.ActiveCfg = Optimized Debug|Any CPU
		{6604F17A-552E-405D-B327-37C8B1648C86}.Optimized Debug|x64.Build.0 = Optimized Debug|Any CPU
		{6604F17A-552E-405D-B327-37C8B1648C86}.Release|Any CPU.ActiveCfg = Release|Any CPU
		{6604F17A-552E-405D-B327-37C8B1648C86}.Release|Any CPU.Build.0 = Release|Any CPU
		{6604F17A-552E-405D-B327-37C8B1648C86}.Release|x64.ActiveCfg = Release|Any CPU
		{6604F17A-552E-405D-B327-37C8B1648C86}.Release|x64.Build.0 = Release|Any CPU
		{35253CE1-C864-4CD3-8249-4D1319748E8F}.Debug|Any CPU.ActiveCfg = Debug|x86
		{35253CE1-C864-4CD3-8249-4D1319748E8F}.Debug|Any CPU.Build.0 = Debug|x86
		{35253CE1-C864-4CD3-8249-4D1319748E8F}.Debug|x64.ActiveCfg = Debug|x64
		{35253CE1-C864-4CD3-8249-4D1319748E8F}.Debug|x64.Build.0 = Debug|x64
		{35253CE1-C864-4CD3-8249-4D1319748E8F}.Optimized Debug|Any CPU.ActiveCfg = Debug|x86
		{35253CE1-C864-4CD3-8249-4D1319748E8F}.Optimized Debug|Any CPU.Build.0 = Debug|x86
		{35253CE1-C864-4CD3-8249-4D1319748E8F}.Optimized Debug|x64.ActiveCfg = Debug|x64
		{35253CE1-C864-4CD3-8249-4D1319748E8F}.Optimized Debug|x64.Build.0 = Debug|x64
		{35253CE1-C864-4CD3-8249-4D1319748E8F}.Release|Any CPU.ActiveCfg = Release|x86
		{35253CE1-C864-4CD3-8249-4D1319748E8F}.Release|Any CPU.Build.0 = Release|x86
		{35253CE1-C864-4CD3-8249-4D1319748E8F}.Release|x64.ActiveCfg = Release|x64
		{35253CE1-C864-4CD3-8249-4D1319748E8F}.Release|x64.Build.0 = Release|x64
		{9086D22E-1315-459F-9D4E-ABF8D1657748}.Debug|Any CPU.ActiveCfg = Debug|x64
		{9086D22E-1315-459F-9D4E-ABF8D1657748}.Debug|x64.ActiveCfg = Debug|x64
		{9086D22E-1315-459F-9D4E-ABF8D1657748}.Debug|x64.Build.0 = Debug|x64
		{9086D22E-1315-459F-9D4E-ABF8D1657748}.Optimized Debug|Any CPU.ActiveCfg = Release|x64
		{9086D22E-1315-459F-9D4E-ABF8D1657748}.Optimized Debug|Any CPU.Build.0 = Release|x64
		{9086D22E-1315-459F-9D4E-ABF8D1657748}.Optimized Debug|x64.ActiveCfg = Debug|x64
		{9086D22E-1315-459F-9D4E-ABF8D1657748}.Optimized Debug|x64.Build.0 = Debug|x64
		{9086D22E-1315-459F-9D4E-ABF8D1657748}.Release|Any CPU.ActiveCfg = Release|x64
		{9086D22E-1315-459F-9D4E-ABF8D1657748}.Release|x64.ActiveCfg = Release|x64
		{9086D22E-1315-459F-9D4E-ABF8D1657748}.Release|x64.Build.0 = Release|x64
		{87D61109-2E6A-43F8-A54E-F8C7CB70536F}.Debug|Any CPU.ActiveCfg = Debug|Any CPU
		{87D61109-2E6A-43F8-A54E-F8C7CB70536F}.Debug|Any CPU.Build.0 = Debug|Any CPU
		{87D61109-2E6A-43F8-A54E-F8C7CB70536F}.Debug|x64.ActiveCfg = Debug|Any CPU
		{87D61109-2E6A-43F8-A54E-F8C7CB70536F}.Debug|x64.Build.0 = Debug|Any CPU
		{87D61109-2E6A-43F8-A54E-F8C7CB70536F}.Optimized Debug|Any CPU.ActiveCfg = Debug|Any CPU
		{87D61109-2E6A-43F8-A54E-F8C7CB70536F}.Optimized Debug|Any CPU.Build.0 = Debug|Any CPU
		{87D61109-2E6A-43F8-A54E-F8C7CB70536F}.Optimized Debug|x64.ActiveCfg = Debug|Any CPU
		{87D61109-2E6A-43F8-A54E-F8C7CB70536F}.Optimized Debug|x64.Build.0 = Debug|Any CPU
		{87D61109-2E6A-43F8-A54E-F8C7CB70536F}.Release|Any CPU.ActiveCfg = Release|Any CPU
		{87D61109-2E6A-43F8-A54E-F8C7CB70536F}.Release|Any CPU.Build.0 = Release|Any CPU
		{87D61109-2E6A-43F8-A54E-F8C7CB70536F}.Release|x64.ActiveCfg = Release|Any CPU
		{87D61109-2E6A-43F8-A54E-F8C7CB70536F}.Release|x64.Build.0 = Release|Any CPU
		{4C5128BA-FB2E-4978-BB21-11B7F131BD7D}.Debug|Any CPU.ActiveCfg = Debug|Any CPU
		{4C5128BA-FB2E-4978-BB21-11B7F131BD7D}.Debug|Any CPU.Build.0 = Debug|Any CPU
		{4C5128BA-FB2E-4978-BB21-11B7F131BD7D}.Debug|x64.ActiveCfg = Debug|Any CPU
		{4C5128BA-FB2E-4978-BB21-11B7F131BD7D}.Debug|x64.Build.0 = Debug|Any CPU
		{4C5128BA-FB2E-4978-BB21-11B7F131BD7D}.Optimized Debug|Any CPU.ActiveCfg = Debug|Any CPU
		{4C5128BA-FB2E-4978-BB21-11B7F131BD7D}.Optimized Debug|Any CPU.Build.0 = Debug|Any CPU
		{4C5128BA-FB2E-4978-BB21-11B7F131BD7D}.Optimized Debug|x64.ActiveCfg = Debug|Any CPU
		{4C5128BA-FB2E-4978-BB21-11B7F131BD7D}.Optimized Debug|x64.Build.0 = Debug|Any CPU
		{4C5128BA-FB2E-4978-BB21-11B7F131BD7D}.Release|Any CPU.ActiveCfg = Release|Any CPU
		{4C5128BA-FB2E-4978-BB21-11B7F131BD7D}.Release|Any CPU.Build.0 = Release|Any CPU
		{4C5128BA-FB2E-4978-BB21-11B7F131BD7D}.Release|x64.ActiveCfg = Release|Any CPU
		{4C5128BA-FB2E-4978-BB21-11B7F131BD7D}.Release|x64.Build.0 = Release|Any CPU
		{C3895DFA-85C5-4F44-AC19-FCD790A150A3}.Debug|Any CPU.ActiveCfg = Debug|Any CPU
		{C3895DFA-85C5-4F44-AC19-FCD790A150A3}.Debug|Any CPU.Build.0 = Debug|Any CPU
		{C3895DFA-85C5-4F44-AC19-FCD790A150A3}.Debug|x64.ActiveCfg = Debug|Any CPU
		{C3895DFA-85C5-4F44-AC19-FCD790A150A3}.Debug|x64.Build.0 = Debug|Any CPU
		{C3895DFA-85C5-4F44-AC19-FCD790A150A3}.Optimized Debug|Any CPU.ActiveCfg = Debug|Any CPU
		{C3895DFA-85C5-4F44-AC19-FCD790A150A3}.Optimized Debug|Any CPU.Build.0 = Debug|Any CPU
		{C3895DFA-85C5-4F44-AC19-FCD790A150A3}.Optimized Debug|x64.ActiveCfg = Debug|Any CPU
		{C3895DFA-85C5-4F44-AC19-FCD790A150A3}.Optimized Debug|x64.Build.0 = Debug|Any CPU
		{C3895DFA-85C5-4F44-AC19-FCD790A150A3}.Release|Any CPU.ActiveCfg = Release|Any CPU
		{C3895DFA-85C5-4F44-AC19-FCD790A150A3}.Release|Any CPU.Build.0 = Release|Any CPU
		{C3895DFA-85C5-4F44-AC19-FCD790A150A3}.Release|x64.ActiveCfg = Release|Any CPU
		{C3895DFA-85C5-4F44-AC19-FCD790A150A3}.Release|x64.Build.0 = Release|Any CPU
		{E91CD37D-E4E0-40B6-BF86-A4CF52EEC25F}.Debug|Any CPU.ActiveCfg = Debug|Any CPU
		{E91CD37D-E4E0-40B6-BF86-A4CF52EEC25F}.Debug|Any CPU.Build.0 = Debug|Any CPU
		{E91CD37D-E4E0-40B6-BF86-A4CF52EEC25F}.Debug|x64.ActiveCfg = Debug|Any CPU
		{E91CD37D-E4E0-40B6-BF86-A4CF52EEC25F}.Debug|x64.Build.0 = Debug|Any CPU
		{E91CD37D-E4E0-40B6-BF86-A4CF52EEC25F}.Optimized Debug|Any CPU.ActiveCfg = Debug|Any CPU
		{E91CD37D-E4E0-40B6-BF86-A4CF52EEC25F}.Optimized Debug|Any CPU.Build.0 = Debug|Any CPU
		{E91CD37D-E4E0-40B6-BF86-A4CF52EEC25F}.Optimized Debug|x64.ActiveCfg = Debug|Any CPU
		{E91CD37D-E4E0-40B6-BF86-A4CF52EEC25F}.Optimized Debug|x64.Build.0 = Debug|Any CPU
		{E91CD37D-E4E0-40B6-BF86-A4CF52EEC25F}.Release|Any CPU.ActiveCfg = Release|Any CPU
		{E91CD37D-E4E0-40B6-BF86-A4CF52EEC25F}.Release|Any CPU.Build.0 = Release|Any CPU
		{E91CD37D-E4E0-40B6-BF86-A4CF52EEC25F}.Release|x64.ActiveCfg = Release|Any CPU
		{E91CD37D-E4E0-40B6-BF86-A4CF52EEC25F}.Release|x64.Build.0 = Release|Any CPU
		{9E5BD0CC-F6DC-4232-8613-0047022D99E7}.Debug|Any CPU.ActiveCfg = Debug|Any CPU
		{9E5BD0CC-F6DC-4232-8613-0047022D99E7}.Debug|Any CPU.Build.0 = Debug|Any CPU
		{9E5BD0CC-F6DC-4232-8613-0047022D99E7}.Debug|x64.ActiveCfg = Debug|Any CPU
		{9E5BD0CC-F6DC-4232-8613-0047022D99E7}.Debug|x64.Build.0 = Debug|Any CPU
		{9E5BD0CC-F6DC-4232-8613-0047022D99E7}.Optimized Debug|Any CPU.ActiveCfg = Debug|Any CPU
		{9E5BD0CC-F6DC-4232-8613-0047022D99E7}.Optimized Debug|Any CPU.Build.0 = Debug|Any CPU
		{9E5BD0CC-F6DC-4232-8613-0047022D99E7}.Optimized Debug|x64.ActiveCfg = Debug|Any CPU
		{9E5BD0CC-F6DC-4232-8613-0047022D99E7}.Optimized Debug|x64.Build.0 = Debug|Any CPU
		{9E5BD0CC-F6DC-4232-8613-0047022D99E7}.Release|Any CPU.ActiveCfg = Release|Any CPU
		{9E5BD0CC-F6DC-4232-8613-0047022D99E7}.Release|Any CPU.Build.0 = Release|Any CPU
		{9E5BD0CC-F6DC-4232-8613-0047022D99E7}.Release|x64.ActiveCfg = Release|Any CPU
		{9E5BD0CC-F6DC-4232-8613-0047022D99E7}.Release|x64.Build.0 = Release|Any CPU
		{394CB01D-9B0D-4CD5-80CF-CE087DF7CE5E}.Debug|Any CPU.ActiveCfg = Debug|Any CPU
		{394CB01D-9B0D-4CD5-80CF-CE087DF7CE5E}.Debug|Any CPU.Build.0 = Debug|Any CPU
		{394CB01D-9B0D-4CD5-80CF-CE087DF7CE5E}.Debug|x64.ActiveCfg = Debug|Any CPU
		{394CB01D-9B0D-4CD5-80CF-CE087DF7CE5E}.Debug|x64.Build.0 = Debug|Any CPU
		{394CB01D-9B0D-4CD5-80CF-CE087DF7CE5E}.Optimized Debug|Any CPU.ActiveCfg = Debug|Any CPU
		{394CB01D-9B0D-4CD5-80CF-CE087DF7CE5E}.Optimized Debug|Any CPU.Build.0 = Debug|Any CPU
		{394CB01D-9B0D-4CD5-80CF-CE087DF7CE5E}.Optimized Debug|x64.ActiveCfg = Debug|Any CPU
		{394CB01D-9B0D-4CD5-80CF-CE087DF7CE5E}.Optimized Debug|x64.Build.0 = Debug|Any CPU
		{394CB01D-9B0D-4CD5-80CF-CE087DF7CE5E}.Release|Any CPU.ActiveCfg = Release|Any CPU
		{394CB01D-9B0D-4CD5-80CF-CE087DF7CE5E}.Release|Any CPU.Build.0 = Release|Any CPU
		{394CB01D-9B0D-4CD5-80CF-CE087DF7CE5E}.Release|x64.ActiveCfg = Release|Any CPU
		{394CB01D-9B0D-4CD5-80CF-CE087DF7CE5E}.Release|x64.Build.0 = Release|Any CPU
	EndGlobalSection
	GlobalSection(SolutionProperties) = preSolution
		HideSolutionNode = FALSE
	EndGlobalSection
	GlobalSection(NestedProjects) = preSolution
		{4C5128BA-FB2E-4978-BB21-11B7F131BD7D} = {6756B61E-5856-4CA7-90B5-6053763FE7BA}
		{E91CD37D-E4E0-40B6-BF86-A4CF52EEC25F} = {6756B61E-5856-4CA7-90B5-6053763FE7BA}
	EndGlobalSection
	GlobalSection(ExtensibilityGlobals) = postSolution
		SolutionGuid = {34F0A69B-BB67-4E75-BD0C-15B4C1E589EE}
	EndGlobalSection
	GlobalSection(MonoDevelopProperties) = preSolution
		Policies = $0
		$0.TextStylePolicy = $1
		$1.inheritsSet = VisualStudio
		$1.inheritsScope = text/plain
		$1.scope = text/x-csharp
		$0.CSharpFormattingPolicy = $2
		$2.IndentSwitchBody = True
		$2.AnonymousMethodBraceStyle = NextLine
		$2.PropertyBraceStyle = NextLine
		$2.PropertyGetBraceStyle = NextLine
		$2.PropertySetBraceStyle = NextLine
		$2.EventBraceStyle = NextLine
		$2.EventAddBraceStyle = NextLine
		$2.EventRemoveBraceStyle = NextLine
		$2.StatementBraceStyle = NextLine
		$2.ElseNewLinePlacement = NewLine
		$2.CatchNewLinePlacement = NewLine
		$2.FinallyNewLinePlacement = NewLine
		$2.WhileNewLinePlacement = DoNotCare
		$2.ArrayInitializerWrapping = DoNotChange
		$2.ArrayInitializerBraceStyle = NextLine
		$2.BeforeMethodDeclarationParentheses = False
		$2.BeforeMethodCallParentheses = False
		$2.BeforeConstructorDeclarationParentheses = False
		$2.NewLineBeforeConstructorInitializerColon = NewLine
		$2.NewLineAfterConstructorInitializerColon = SameLine
		$2.BeforeDelegateDeclarationParentheses = False
		$2.NewParentheses = False
		$2.SpacesBeforeBrackets = False
		$2.AlignToFirstMethodDeclarationParameter = False
		$2.inheritsSet = Mono
		$2.inheritsScope = text/x-csharp
		$2.scope = text/x-csharp
		$2.IndentSwitchSection = True
		$2.NewLinesForBracesInProperties = True
		$2.NewLinesForBracesInAccessors = True
		$2.NewLinesForBracesInAnonymousMethods = True
		$2.NewLinesForBracesInControlBlocks = True
		$2.NewLinesForBracesInAnonymousTypes = True
		$2.NewLinesForBracesInObjectCollectionArrayInitializers = True
		$2.NewLinesForBracesInLambdaExpressionBody = True
		$2.NewLineForElse = True
		$2.NewLineForCatch = True
		$2.NewLineForFinally = True
		$2.NewLineForMembersInObjectInit = True
		$2.NewLineForMembersInAnonymousTypes = True
		$2.NewLineForClausesInQuery = True
		$2.SpacingAfterMethodDeclarationName = False
		$2.SpaceAfterMethodCallName = False
		$2.SpaceBeforeOpenSquareBracket = False
		$0.DotNetNamingPolicy = $3
		$3.DirectoryNamespaceAssociation = PrefixedHierarchical
		$3.ResourceNamePolicy = FileFormatDefault
	EndGlobalSection
EndGlobal
